
Microsoft Visual Studio Solution File, Format Version 12.00
# Visual Studio 14
VisualStudioVersion = 14.0.25420.1
MinimumVisualStudioVersion = 10.0.40219.1
Project("{FAE04EC0-301F-11D3-BF4B-00C04F79EFBC}") = "EleventhTask", "EleventhTask\EleventhTask.csproj", "{99F52031-7815-43C2-A2DF-1B72F52A3A34}"
EndProject
Project("{FAE04EC0-301F-11D3-BF4B-00C04F79EFBC}") = "AbstractFactoryProject", "ProductTaskProject\AbstractFactoryProject.csproj", "{13DA6B0F-DB9C-4C8D-8450-54097211B6ED}"
EndProject
Global
	GlobalSection(SolutionConfigurationPlatforms) = preSolution
		Debug|Any CPU = Debug|Any CPU
		Release|Any CPU = Release|Any CPU
	EndGlobalSection
	GlobalSection(ProjectConfigurationPlatforms) = postSolution
		{99F52031-7815-43C2-A2DF-1B72F52A3A34}.Debug|Any CPU.ActiveCfg = Debug|Any CPU
		{99F52031-7815-43C2-A2DF-1B72F52A3A34}.Debug|Any CPU.Build.0 = Debug|Any CPU
		{99F52031-7815-43C2-A2DF-1B72F52A3A34}.Release|Any CPU.ActiveCfg = Release|Any CPU
		{99F52031-7815-43C2-A2DF-1B72F52A3A34}.Release|Any CPU.Build.0 = Release|Any CPU
		{13DA6B0F-DB9C-4C8D-8450-54097211B6ED}.Debug|Any CPU.ActiveCfg = Debug|Any CPU
		{13DA6B0F-DB9C-4C8D-8450-54097211B6ED}.Debug|Any CPU.Build.0 = Debug|Any CPU
		{13DA6B0F-DB9C-4C8D-8450-54097211B6ED}.Release|Any CPU.ActiveCfg = Release|Any CPU
		{13DA6B0F-DB9C-4C8D-8450-54097211B6ED}.Release|Any CPU.Build.0 = Release|Any CPU
	EndGlobalSection
	GlobalSection(SolutionProperties) = preSolution
		HideSolutionNode = FALSE
	EndGlobalSection
EndGlobal
